// !$*UTF8*$!
{
	archiveVersion = 1;
	classes = {
	};
	objectVersion = 46;
	objects = {

/* Begin PBXBuildFile section */
		7D57625A1A5B542800C4362D /* AppDelegate.m in Sources */ = {isa = PBXBuildFile; fileRef = 7D5762591A5B542800C4362D /* AppDelegate.m */; };
		7D57625C1A5B542800C4362D /* main.m in Sources */ = {isa = PBXBuildFile; fileRef = 7D57625B1A5B542800C4362D /* main.m */; };
		7D57625E1A5B542800C4362D /* Images.xcassets in Resources */ = {isa = PBXBuildFile; fileRef = 7D57625D1A5B542800C4362D /* Images.xcassets */; };
		7D5762611A5B542800C4362D /* MainMenu.xib in Resources */ = {isa = PBXBuildFile; fileRef = 7D57625F1A5B542800C4362D /* MainMenu.xib */; };
		7D57626D1A5B542800C4362D /* AFHTTPClientLeakTestTests.m in Sources */ = {isa = PBXBuildFile; fileRef = 7D57626C1A5B542800C4362D /* AFHTTPClientLeakTestTests.m */; };
		7D5763461A5B70F400C4362D /* AFHTTPRequestOperation.m in Sources */ = {isa = PBXBuildFile; fileRef = 7D5763341A5B70F300C4362D /* AFHTTPRequestOperation.m */; };
		7D5763471A5B70F400C4362D /* AFHTTPRequestOperationManager.m in Sources */ = {isa = PBXBuildFile; fileRef = 7D5763361A5B70F300C4362D /* AFHTTPRequestOperationManager.m */; };
		7D5763481A5B70F400C4362D /* AFHTTPSessionManager.m in Sources */ = {isa = PBXBuildFile; fileRef = 7D5763381A5B70F300C4362D /* AFHTTPSessionManager.m */; };
		7D5763491A5B70F400C4362D /* AFNetworkReachabilityManager.m in Sources */ = {isa = PBXBuildFile; fileRef = 7D57633B1A5B70F300C4362D /* AFNetworkReachabilityManager.m */; };
		7D57634A1A5B70F400C4362D /* AFSecurityPolicy.m in Sources */ = {isa = PBXBuildFile; fileRef = 7D57633D1A5B70F300C4362D /* AFSecurityPolicy.m */; };
		7D57634B1A5B70F400C4362D /* AFURLConnectionOperation.m in Sources */ = {isa = PBXBuildFile; fileRef = 7D57633F1A5B70F300C4362D /* AFURLConnectionOperation.m */; };
		7D57634C1A5B70F400C4362D /* AFURLRequestSerialization.m in Sources */ = {isa = PBXBuildFile; fileRef = 7D5763411A5B70F300C4362D /* AFURLRequestSerialization.m */; };
		7D57634D1A5B70F400C4362D /* AFURLResponseSerialization.m in Sources */ = {isa = PBXBuildFile; fileRef = 7D5763431A5B70F400C4362D /* AFURLResponseSerialization.m */; };
		7D57634E1A5B70F400C4362D /* AFURLSessionManager.m in Sources */ = {isa = PBXBuildFile; fileRef = 7D5763451A5B70F400C4362D /* AFURLSessionManager.m */; };
/* End PBXBuildFile section */

/* Begin PBXContainerItemProxy section */
		7D5762671A5B542800C4362D /* PBXContainerItemProxy */ = {
			isa = PBXContainerItemProxy;
			containerPortal = 7D57624B1A5B542800C4362D /* Project object */;
			proxyType = 1;
			remoteGlobalIDString = 7D5762521A5B542800C4362D;
			remoteInfo = AFHTTPClientLeakTest;
		};
/* End PBXContainerItemProxy section */

/* Begin PBXFileReference section */
		7D5762531A5B542800C4362D /* AFHTTPClientLeakTest.app */ = {isa = PBXFileReference; explicitFileType = wrapper.application; includeInIndex = 0; path = AFHTTPClientLeakTest.app; sourceTree = BUILT_PRODUCTS_DIR; };
		7D5762571A5B542800C4362D /* Info.plist */ = {isa = PBXFileReference; lastKnownFileType = text.plist.xml; path = Info.plist; sourceTree = "<group>"; };
		7D5762581A5B542800C4362D /* AppDelegate.h */ = {isa = PBXFileReference; lastKnownFileType = sourcecode.c.h; path = AppDelegate.h; sourceTree = "<group>"; };
		7D5762591A5B542800C4362D /* AppDelegate.m */ = {isa = PBXFileReference; lastKnownFileType = sourcecode.c.objc; path = AppDelegate.m; sourceTree = "<group>"; };
		7D57625B1A5B542800C4362D /* main.m */ = {isa = PBXFileReference; lastKnownFileType = sourcecode.c.objc; path = main.m; sourceTree = "<group>"; };
		7D57625D1A5B542800C4362D /* Images.xcassets */ = {isa = PBXFileReference; lastKnownFileType = folder.assetcatalog; path = Images.xcassets; sourceTree = "<group>"; };
		7D5762601A5B542800C4362D /* Base */ = {isa = PBXFileReference; lastKnownFileType = file.xib; name = Base; path = Base.lproj/MainMenu.xib; sourceTree = "<group>"; };
		7D5762661A5B542800C4362D /* AFHTTPClientLeakTestTests.xctest */ = {isa = PBXFileReference; explicitFileType = wrapper.cfbundle; includeInIndex = 0; path = AFHTTPClientLeakTestTests.xctest; sourceTree = BUILT_PRODUCTS_DIR; };
		7D57626B1A5B542800C4362D /* Info.plist */ = {isa = PBXFileReference; lastKnownFileType = text.plist.xml; path = Info.plist; sourceTree = "<group>"; };
		7D57626C1A5B542800C4362D /* AFHTTPClientLeakTestTests.m */ = {isa = PBXFileReference; lastKnownFileType = sourcecode.c.objc; path = AFHTTPClientLeakTestTests.m; sourceTree = "<group>"; };
		7D5763331A5B70F300C4362D /* AFHTTPRequestOperation.h */ = {isa = PBXFileReference; fileEncoding = 4; lastKnownFileType = sourcecode.c.h; path = AFHTTPRequestOperation.h; sourceTree = "<group>"; };
		7D5763341A5B70F300C4362D /* AFHTTPRequestOperation.m */ = {isa = PBXFileReference; fileEncoding = 4; lastKnownFileType = sourcecode.c.objc; path = AFHTTPRequestOperation.m; sourceTree = "<group>"; };
		7D5763351A5B70F300C4362D /* AFHTTPRequestOperationManager.h */ = {isa = PBXFileReference; fileEncoding = 4; lastKnownFileType = sourcecode.c.h; path = AFHTTPRequestOperationManager.h; sourceTree = "<group>"; };
		7D5763361A5B70F300C4362D /* AFHTTPRequestOperationManager.m */ = {isa = PBXFileReference; fileEncoding = 4; lastKnownFileType = sourcecode.c.objc; path = AFHTTPRequestOperationManager.m; sourceTree = "<group>"; };
		7D5763371A5B70F300C4362D /* AFHTTPSessionManager.h */ = {isa = PBXFileReference; fileEncoding = 4; lastKnownFileType = sourcecode.c.h; path = AFHTTPSessionManager.h; sourceTree = "<group>"; };
		7D5763381A5B70F300C4362D /* AFHTTPSessionManager.m */ = {isa = PBXFileReference; fileEncoding = 4; lastKnownFileType = sourcecode.c.objc; path = AFHTTPSessionManager.m; sourceTree = "<group>"; };
		7D5763391A5B70F300C4362D /* AFNetworking.h */ = {isa = PBXFileReference; fileEncoding = 4; lastKnownFileType = sourcecode.c.h; path = AFNetworking.h; sourceTree = "<group>"; };
		7D57633A1A5B70F300C4362D /* AFNetworkReachabilityManager.h */ = {isa = PBXFileReference; fileEncoding = 4; lastKnownFileType = sourcecode.c.h; path = AFNetworkReachabilityManager.h; sourceTree = "<group>"; };
		7D57633B1A5B70F300C4362D /* AFNetworkReachabilityManager.m */ = {isa = PBXFileReference; fileEncoding = 4; lastKnownFileType = sourcecode.c.objc; path = AFNetworkReachabilityManager.m; sourceTree = "<group>"; };
		7D57633C1A5B70F300C4362D /* AFSecurityPolicy.h */ = {isa = PBXFileReference; fileEncoding = 4; lastKnownFileType = sourcecode.c.h; path = AFSecurityPolicy.h; sourceTree = "<group>"; };
		7D57633D1A5B70F300C4362D /* AFSecurityPolicy.m */ = {isa = PBXFileReference; fileEncoding = 4; lastKnownFileType = sourcecode.c.objc; path = AFSecurityPolicy.m; sourceTree = "<group>"; };
		7D57633E1A5B70F300C4362D /* AFURLConnectionOperation.h */ = {isa = PBXFileReference; fileEncoding = 4; lastKnownFileType = sourcecode.c.h; path = AFURLConnectionOperation.h; sourceTree = "<group>"; };
		7D57633F1A5B70F300C4362D /* AFURLConnectionOperation.m */ = {isa = PBXFileReference; fileEncoding = 4; lastKnownFileType = sourcecode.c.objc; path = AFURLConnectionOperation.m; sourceTree = "<group>"; };
		7D5763401A5B70F300C4362D /* AFURLRequestSerialization.h */ = {isa = PBXFileReference; fileEncoding = 4; lastKnownFileType = sourcecode.c.h; path = AFURLRequestSerialization.h; sourceTree = "<group>"; };
		7D5763411A5B70F300C4362D /* AFURLRequestSerialization.m */ = {isa = PBXFileReference; fileEncoding = 4; lastKnownFileType = sourcecode.c.objc; path = AFURLRequestSerialization.m; sourceTree = "<group>"; };
		7D5763421A5B70F400C4362D /* AFURLResponseSerialization.h */ = {isa = PBXFileReference; fileEncoding = 4; lastKnownFileType = sourcecode.c.h; path = AFURLResponseSerialization.h; sourceTree = "<group>"; };
		7D5763431A5B70F400C4362D /* AFURLResponseSerialization.m */ = {isa = PBXFileReference; fileEncoding = 4; lastKnownFileType = sourcecode.c.objc; path = AFURLResponseSerialization.m; sourceTree = "<group>"; };
		7D5763441A5B70F400C4362D /* AFURLSessionManager.h */ = {isa = PBXFileReference; fileEncoding = 4; lastKnownFileType = sourcecode.c.h; path = AFURLSessionManager.h; sourceTree = "<group>"; };
		7D5763451A5B70F400C4362D /* AFURLSessionManager.m */ = {isa = PBXFileReference; fileEncoding = 4; lastKnownFileType = sourcecode.c.objc; path = AFURLSessionManager.m; sourceTree = "<group>"; };
/* End PBXFileReference section */

/* Begin PBXFrameworksBuildPhase section */
		7D5762501A5B542800C4362D /* Frameworks */ = {
			isa = PBXFrameworksBuildPhase;
			buildActionMask = 2147483647;
			files = (
			);
			runOnlyForDeploymentPostprocessing = 0;
		};
		7D5762631A5B542800C4362D /* Frameworks */ = {
			isa = PBXFrameworksBuildPhase;
			buildActionMask = 2147483647;
			files = (
			);
			runOnlyForDeploymentPostprocessing = 0;
		};
/* End PBXFrameworksBuildPhase section */

/* Begin PBXGroup section */
		5C6B2FE21E8712B973068CBB /* Frameworks */ = {
			isa = PBXGroup;
			children = (
				7D5763321A5B70F300C4362D /* AFNetworking */,
			);
			name = Frameworks;
			sourceTree = "<group>";
		};
		7D57624A1A5B542800C4362D = {
			isa = PBXGroup;
			children = (
				7D5762551A5B542800C4362D /* AFHTTPClientLeakTest */,
				7D5762691A5B542800C4362D /* AFHTTPClientLeakTestTests */,
				7D5762541A5B542800C4362D /* Products */,
				5C6B2FE21E8712B973068CBB /* Frameworks */,
			);
			sourceTree = "<group>";
		};
		7D5762541A5B542800C4362D /* Products */ = {
			isa = PBXGroup;
			children = (
				7D5762531A5B542800C4362D /* AFHTTPClientLeakTest.app */,
				7D5762661A5B542800C4362D /* AFHTTPClientLeakTestTests.xctest */,
			);
			name = Products;
			sourceTree = "<group>";
		};
		7D5762551A5B542800C4362D /* AFHTTPClientLeakTest */ = {
			isa = PBXGroup;
			children = (
				7D5762581A5B542800C4362D /* AppDelegate.h */,
				7D5762591A5B542800C4362D /* AppDelegate.m */,
				7D57625D1A5B542800C4362D /* Images.xcassets */,
				7D57625F1A5B542800C4362D /* MainMenu.xib */,
				7D5762561A5B542800C4362D /* Supporting Files */,
			);
			path = AFHTTPClientLeakTest;
			sourceTree = "<group>";
		};
		7D5762561A5B542800C4362D /* Supporting Files */ = {
			isa = PBXGroup;
			children = (
				7D5762571A5B542800C4362D /* Info.plist */,
				7D57625B1A5B542800C4362D /* main.m */,
			);
			name = "Supporting Files";
			sourceTree = "<group>";
		};
		7D5762691A5B542800C4362D /* AFHTTPClientLeakTestTests */ = {
			isa = PBXGroup;
			children = (
				7D57626C1A5B542800C4362D /* AFHTTPClientLeakTestTests.m */,
				7D57626A1A5B542800C4362D /* Supporting Files */,
			);
			path = AFHTTPClientLeakTestTests;
			sourceTree = "<group>";
		};
		7D57626A1A5B542800C4362D /* Supporting Files */ = {
			isa = PBXGroup;
			children = (
				7D57626B1A5B542800C4362D /* Info.plist */,
			);
			name = "Supporting Files";
			sourceTree = "<group>";
		};
		7D5763321A5B70F300C4362D /* AFNetworking */ = {
			isa = PBXGroup;
			children = (
				7D5763331A5B70F300C4362D /* AFHTTPRequestOperation.h */,
				7D5763341A5B70F300C4362D /* AFHTTPRequestOperation.m */,
				7D5763351A5B70F300C4362D /* AFHTTPRequestOperationManager.h */,
				7D5763361A5B70F300C4362D /* AFHTTPRequestOperationManager.m */,
				7D5763371A5B70F300C4362D /* AFHTTPSessionManager.h */,
				7D5763381A5B70F300C4362D /* AFHTTPSessionManager.m */,
				7D5763391A5B70F300C4362D /* AFNetworking.h */,
				7D57633A1A5B70F300C4362D /* AFNetworkReachabilityManager.h */,
				7D57633B1A5B70F300C4362D /* AFNetworkReachabilityManager.m */,
				7D57633C1A5B70F300C4362D /* AFSecurityPolicy.h */,
				7D57633D1A5B70F300C4362D /* AFSecurityPolicy.m */,
				7D57633E1A5B70F300C4362D /* AFURLConnectionOperation.h */,
				7D57633F1A5B70F300C4362D /* AFURLConnectionOperation.m */,
				7D5763401A5B70F300C4362D /* AFURLRequestSerialization.h */,
				7D5763411A5B70F300C4362D /* AFURLRequestSerialization.m */,
				7D5763421A5B70F400C4362D /* AFURLResponseSerialization.h */,
				7D5763431A5B70F400C4362D /* AFURLResponseSerialization.m */,
				7D5763441A5B70F400C4362D /* AFURLSessionManager.h */,
				7D5763451A5B70F400C4362D /* AFURLSessionManager.m */,
			);
			path = AFNetworking;
			sourceTree = "<group>";
		};
/* End PBXGroup section */

/* Begin PBXNativeTarget section */
		7D5762521A5B542800C4362D /* AFHTTPClientLeakTest */ = {
			isa = PBXNativeTarget;
			buildConfigurationList = 7D5762701A5B542800C4362D /* Build configuration list for PBXNativeTarget "AFHTTPClientLeakTest" */;
			buildPhases = (
				7D57624F1A5B542800C4362D /* Sources */,
				7D5762501A5B542800C4362D /* Frameworks */,
				7D5762511A5B542800C4362D /* Resources */,
			);
			buildRules = (
			);
			dependencies = (
			);
			name = AFHTTPClientLeakTest;
			productName = AFHTTPClientLeakTest;
			productReference = 7D5762531A5B542800C4362D /* AFHTTPClientLeakTest.app */;
			productType = "com.apple.product-type.application";
		};
		7D5762651A5B542800C4362D /* AFHTTPClientLeakTestTests */ = {
			isa = PBXNativeTarget;
			buildConfigurationList = 7D5762731A5B542800C4362D /* Build configuration list for PBXNativeTarget "AFHTTPClientLeakTestTests" */;
			buildPhases = (
				7D5762621A5B542800C4362D /* Sources */,
				7D5762631A5B542800C4362D /* Frameworks */,
				7D5762641A5B542800C4362D /* Resources */,
			);
			buildRules = (
			);
			dependencies = (
				7D5762681A5B542800C4362D /* PBXTargetDependency */,
			);
			name = AFHTTPClientLeakTestTests;
			productName = AFHTTPClientLeakTestTests;
			productReference = 7D5762661A5B542800C4362D /* AFHTTPClientLeakTestTests.xctest */;
			productType = "com.apple.product-type.bundle.unit-test";
		};
/* End PBXNativeTarget section */

/* Begin PBXProject section */
		7D57624B1A5B542800C4362D /* Project object */ = {
			isa = PBXProject;
			attributes = {
				LastUpgradeCheck = 0610;
				ORGANIZATIONNAME = Onehub;
				TargetAttributes = {
					7D5762521A5B542800C4362D = {
						CreatedOnToolsVersion = 6.1.1;
					};
					7D5762651A5B542800C4362D = {
						CreatedOnToolsVersion = 6.1.1;
						TestTargetID = 7D5762521A5B542800C4362D;
					};
				};
			};
			buildConfigurationList = 7D57624E1A5B542800C4362D /* Build configuration list for PBXProject "AFHTTPClientLeakTest" */;
			compatibilityVersion = "Xcode 3.2";
			developmentRegion = English;
			hasScannedForEncodings = 0;
			knownRegions = (
				en,
				Base,
			);
			mainGroup = 7D57624A1A5B542800C4362D;
			productRefGroup = 7D5762541A5B542800C4362D /* Products */;
			projectDirPath = "";
			projectRoot = "";
			targets = (
				7D5762521A5B542800C4362D /* AFHTTPClientLeakTest */,
				7D5762651A5B542800C4362D /* AFHTTPClientLeakTestTests */,
			);
		};
/* End PBXProject section */

/* Begin PBXResourcesBuildPhase section */
		7D5762511A5B542800C4362D /* Resources */ = {
			isa = PBXResourcesBuildPhase;
			buildActionMask = 2147483647;
			files = (
				7D57625E1A5B542800C4362D /* Images.xcassets in Resources */,
				7D5762611A5B542800C4362D /* MainMenu.xib in Resources */,
			);
			runOnlyForDeploymentPostprocessing = 0;
		};
		7D5762641A5B542800C4362D /* Resources */ = {
			isa = PBXResourcesBuildPhase;
			buildActionMask = 2147483647;
			files = (
			);
			runOnlyForDeploymentPostprocessing = 0;
		};
/* End PBXResourcesBuildPhase section */

/* Begin PBXSourcesBuildPhase section */
		7D57624F1A5B542800C4362D /* Sources */ = {
			isa = PBXSourcesBuildPhase;
			buildActionMask = 2147483647;
			files = (
				7D57634C1A5B70F400C4362D /* AFURLRequestSerialization.m in Sources */,
				7D57634B1A5B70F400C4362D /* AFURLConnectionOperation.m in Sources */,
				7D57634A1A5B70F400C4362D /* AFSecurityPolicy.m in Sources */,
				7D5763461A5B70F400C4362D /* AFHTTPRequestOperation.m in Sources */,
				7D57634E1A5B70F400C4362D /* AFURLSessionManager.m in Sources */,
				7D57634D1A5B70F400C4362D /* AFURLResponseSerialization.m in Sources */,
				7D57625C1A5B542800C4362D /* main.m in Sources */,
				7D5763481A5B70F400C4362D /* AFHTTPSessionManager.m in Sources */,
				7D5763471A5B70F400C4362D /* AFHTTPRequestOperationManager.m in Sources */,
				7D5763491A5B70F400C4362D /* AFNetworkReachabilityManager.m in Sources */,
				7D57625A1A5B542800C4362D /* AppDelegate.m in Sources */,
			);
			runOnlyForDeploymentPostprocessing = 0;
		};
		7D5762621A5B542800C4362D /* Sources */ = {
			isa = PBXSourcesBuildPhase;
			buildActionMask = 2147483647;
			files = (
				7D57626D1A5B542800C4362D /* AFHTTPClientLeakTestTests.m in Sources */,
			);
			runOnlyForDeploymentPostprocessing = 0;
		};
/* End PBXSourcesBuildPhase section */

/* Begin PBXTargetDependency section */
		7D5762681A5B542800C4362D /* PBXTargetDependency */ = {
			isa = PBXTargetDependency;
			target = 7D5762521A5B542800C4362D /* AFHTTPClientLeakTest */;
			targetProxy = 7D5762671A5B542800C4362D /* PBXContainerItemProxy */;
		};
/* End PBXTargetDependency section */

/* Begin PBXVariantGroup section */
		7D57625F1A5B542800C4362D /* MainMenu.xib */ = {
			isa = PBXVariantGroup;
			children = (
				7D5762601A5B542800C4362D /* Base */,
			);
			name = MainMenu.xib;
			sourceTree = "<group>";
		};
/* End PBXVariantGroup section */

/* Begin XCBuildConfiguration section */
		7D57626E1A5B542800C4362D /* Debug */ = {
			isa = XCBuildConfiguration;
			buildSettings = {
				ALWAYS_SEARCH_USER_PATHS = NO;
				CLANG_CXX_LANGUAGE_STANDARD = "gnu++0x";
				CLANG_CXX_LIBRARY = "libc++";
				CLANG_ENABLE_MODULES = YES;
				CLANG_ENABLE_OBJC_ARC = YES;
				CLANG_WARN_BOOL_CONVERSION = YES;
				CLANG_WARN_CONSTANT_CONVERSION = YES;
				CLANG_WARN_DIRECT_OBJC_ISA_USAGE = YES_ERROR;
				CLANG_WARN_EMPTY_BODY = YES;
				CLANG_WARN_ENUM_CONVERSION = YES;
				CLANG_WARN_INT_CONVERSION = YES;
				CLANG_WARN_OBJC_ROOT_CLASS = YES_ERROR;
				CLANG_WARN_UNREACHABLE_CODE = YES;
				CLANG_WARN__DUPLICATE_METHOD_MATCH = YES;
				CODE_SIGN_IDENTITY = "-";
				COPY_PHASE_STRIP = NO;
				ENABLE_STRICT_OBJC_MSGSEND = YES;
				GCC_C_LANGUAGE_STANDARD = gnu99;
				GCC_DYNAMIC_NO_PIC = NO;
				GCC_OPTIMIZATION_LEVEL = 0;
				GCC_PREPROCESSOR_DEFINITIONS = (
					"DEBUG=1",
					"$(inherited)",
				);
				GCC_SYMBOLS_PRIVATE_EXTERN = NO;
				GCC_WARN_64_TO_32_BIT_CONVERSION = YES;
				GCC_WARN_ABOUT_RETURN_TYPE = YES_ERROR;
				GCC_WARN_UNDECLARED_SELECTOR = YES;
				GCC_WARN_UNINITIALIZED_AUTOS = YES_AGGRESSIVE;
				GCC_WARN_UNUSED_FUNCTION = YES;
				GCC_WARN_UNUSED_VARIABLE = YES;
				MACOSX_DEPLOYMENT_TARGET = 10.10;
				MTL_ENABLE_DEBUG_INFO = YES;
				ONLY_ACTIVE_ARCH = YES;
				SDKROOT = macosx;
			};
			name = Debug;
		};
		7D57626F1A5B542800C4362D /* Release */ = {
			isa = XCBuildConfiguration;
			buildSettings = {
				ALWAYS_SEARCH_USER_PATHS = NO;
				CLANG_CXX_LANGUAGE_STANDARD = "gnu++0x";
				CLANG_CXX_LIBRARY = "libc++";
				CLANG_ENABLE_MODULES = YES;
				CLANG_ENABLE_OBJC_ARC = YES;
				CLANG_WARN_BOOL_CONVERSION = YES;
				CLANG_WARN_CONSTANT_CONVERSION = YES;
				CLANG_WARN_DIRECT_OBJC_ISA_USAGE = YES_ERROR;
				CLANG_WARN_EMPTY_BODY = YES;
				CLANG_WARN_ENUM_CONVERSION = YES;
				CLANG_WARN_INT_CONVERSION = YES;
				CLANG_WARN_OBJC_ROOT_CLASS = YES_ERROR;
				CLANG_WARN_UNREACHABLE_CODE = YES;
				CLANG_WARN__DUPLICATE_METHOD_MATCH = YES;
				CODE_SIGN_IDENTITY = "-";
				COPY_PHASE_STRIP = YES;
				DEBUG_INFORMATION_FORMAT = "dwarf-with-dsym";
				ENABLE_NS_ASSERTIONS = NO;
				ENABLE_STRICT_OBJC_MSGSEND = YES;
				GCC_C_LANGUAGE_STANDARD = gnu99;
				GCC_WARN_64_TO_32_BIT_CONVERSION = YES;
				GCC_WARN_ABOUT_RETURN_TYPE = YES_ERROR;
				GCC_WARN_UNDECLARED_SELECTOR = YES;
				GCC_WARN_UNINITIALIZED_AUTOS = YES_AGGRESSIVE;
				GCC_WARN_UNUSED_FUNCTION = YES;
				GCC_WARN_UNUSED_VARIABLE = YES;
				MACOSX_DEPLOYMENT_TARGET = 10.10;
				MTL_ENABLE_DEBUG_INFO = NO;
				SDKROOT = macosx;
			};
			name = Release;
		};
		7D5762711A5B542800C4362D /* Debug */ = {
			isa = XCBuildConfiguration;
			buildSettings = {
				ASSETCATALOG_COMPILER_APPICON_NAME = AppIcon;
				COMBINE_HIDPI_IMAGES = YES;
				INFOPLIST_FILE = AFHTTPClientLeakTest/Info.plist;
				LD_RUNPATH_SEARCH_PATHS = "$(inherited) @executable_path/../Frameworks";
				MACOSX_DEPLOYMENT_TARGET = 10.10;
				PRODUCT_NAME = "$(TARGET_NAME)";
				SDKROOT = macosx10.10;
			};
			name = Debug;
		};
		7D5762721A5B542800C4362D /* Release */ = {
			isa = XCBuildConfiguration;
			buildSettings = {
				ASSETCATALOG_COMPILER_APPICON_NAME = AppIcon;
				COMBINE_HIDPI_IMAGES = YES;
				INFOPLIST_FILE = AFHTTPClientLeakTest/Info.plist;
				LD_RUNPATH_SEARCH_PATHS = "$(inherited) @executable_path/../Frameworks";
				MACOSX_DEPLOYMENT_TARGET = 10.10;
				PRODUCT_NAME = "$(TARGET_NAME)";
				SDKROOT = macosx10.10;
			};
			name = Release;
		};
		7D5762741A5B542800C4362D /* Debug */ = {
			isa = XCBuildConfiguration;
			buildSettings = {
				BUNDLE_LOADER = "$(TEST_HOST)";
				COMBINE_HIDPI_IMAGES = YES;
				FRAMEWORK_SEARCH_PATHS = (
					"$(DEVELOPER_FRAMEWORKS_DIR)",
					"$(inherited)",
				);
				GCC_PREPROCESSOR_DEFINITIONS = (
					"DEBUG=1",
					"$(inherited)",
				);
				INFOPLIST_FILE = AFHTTPClientLeakTestTests/Info.plist;
				LD_RUNPATH_SEARCH_PATHS = "$(inherited) @executable_path/../Frameworks @loader_path/../Frameworks";
				PRODUCT_NAME = "$(TARGET_NAME)";
				TEST_HOST = "$(BUILT_PRODUCTS_DIR)/AFHTTPClientLeakTest.app/Contents/MacOS/AFHTTPClientLeakTest";
			};
			name = Debug;
		};
		7D5762751A5B542800C4362D /* Release */ = {
			isa = XCBuildConfiguration;
			buildSettings = {
				BUNDLE_LOADER = "$(TEST_HOST)";
				COMBINE_HIDPI_IMAGES = YES;
				FRAMEWORK_SEARCH_PATHS = (
					"$(DEVELOPER_FRAMEWORKS_DIR)",
					"$(inherited)",
				);
				INFOPLIST_FILE = AFHTTPClientLeakTestTests/Info.plist;
				LD_RUNPATH_SEARCH_PATHS = "$(inherited) @executable_path/../Frameworks @loader_path/../Frameworks";
				PRODUCT_NAME = "$(TARGET_NAME)";
				TEST_HOST = "$(BUILT_PRODUCTS_DIR)/AFHTTPClientLeakTest.app/Contents/MacOS/AFHTTPClientLeakTest";
			};
			name = Release;
		};
/* End XCBuildConfiguration section */

/* Begin XCConfigurationList section */
		7D57624E1A5B542800C4362D /* Build configuration list for PBXProject "AFHTTPClientLeakTest" */ = {
			isa = XCConfigurationList;
			buildConfigurations = (
				7D57626E1A5B542800C4362D /* Debug */,
				7D57626F1A5B542800C4362D /* Release */,
			);
			defaultConfigurationIsVisible = 0;
			defaultConfigurationName = Release;
		};
		7D5762701A5B542800C4362D /* Build configuration list for PBXNativeTarget "AFHTTPClientLeakTest" */ = {
			isa = XCConfigurationList;
			buildConfigurations = (
				7D5762711A5B542800C4362D /* Debug */,
				7D5762721A5B542800C4362D /* Release */,
			);
			defaultConfigurationIsVisible = 0;
			defaultConfigurationName = Release;
		};
		7D5762731A5B542800C4362D /* Build configuration list for PBXNativeTarget "AFHTTPClientLeakTestTests" */ = {
			isa = XCConfigurationList;
			buildConfigurations = (
				7D5762741A5B542800C4362D /* Debug */,
				7D5762751A5B542800C4362D /* Release */,
			);
			defaultConfigurationIsVisible = 0;
			defaultConfigurationName = Release;
		};
/* End XCConfigurationList section */
	};
	rootObject = 7D57624B1A5B542800C4362D /* Project object */;
}
